
Microsoft Visual Studio Solution File, Format Version 12.00
# Visual Studio Version 17
VisualStudioVersion = 17.5.33516.290
MinimumVisualStudioVersion = 10.0.40219.1
Project("{FAE04EC0-301F-11D3-BF4B-00C04F79EFBC}") = "b32", "b32\b32.csproj", "{4F6C6613-3B72-4112-86CC-E3F327B79294}"
EndProject
Global
	GlobalSection(SolutionConfigurationPlatforms) = preSolution
		Debug|Any CPU = Debug|Any CPU
		Release|Any CPU = Release|Any CPU
	EndGlobalSection
	GlobalSection(ProjectConfigurationPlatforms) = postSolution
		{4F6C6613-3B72-4112-86CC-E3F327B79294}.Debug|Any CPU.ActiveCfg = Debug|Any CPU
		{4F6C6613-3B72-4112-86CC-E3F327B79294}.Debug|Any CPU.Build.0 = Debug|Any CPU
		{4F6C6613-3B72-4112-86CC-E3F327B79294}.Release|Any CPU.ActiveCfg = Release|Any CPU
		{4F6C6613-3B72-4112-86CC-E3F327B79294}.Release|Any CPU.Build.0 = Release|Any CPU
	EndGlobalSection
	GlobalSection(SolutionProperties) = preSolution
		HideSolutionNode = FALSE
	EndGlobalSection
	GlobalSection(ExtensibilityGlobals) = postSolution
		SolutionGuid = {67E1D0B0-9720-4D26-8382-ED71ACF8550C}
	EndGlobalSection
EndGlobal
